{
  "originHash" : "0d3e2ac9b4834dea3c904ab882e2604ea7d8965a287905366ab1bfbef2e01962",
  "pins" : [
    {
      "identity" : "magickbird",
      "kind" : "remoteSourceControl",
      "location" : "https://github.com/danramteke/MagickBird",
      "state" : {
        "branch" : "embedded-headers",
        "revision" : "803d1dbecb62213af9a2ef49ee5da5094e1209c5"
      }
    }
  ],
  "version" : 3
}
