// !$*UTF8*$!
{
	archiveVersion = 1;
	classes = {
	};
	objectVersion = 56;
	objects = {

/* Begin PBXBuildFile section */
		731A33C62CD5B47400EE6778 /* MyInfoWindow.swift in Sources */ = {isa = PBXBuildFile; fileRef = 731A33C52CD5B47400EE6778 /* MyInfoWindow.swift */; };
		731A33C82CD5B49400EE6778 /* MyInfoViewController.swift in Sources */ = {isa = PBXBuildFile; fileRef = 731A33C72CD5B49400EE6778 /* MyInfoViewController.swift */; };
		731A33CA2CD5B80F00EE6778 /* APDUFunctions.swift in Sources */ = {isa = PBXBuildFile; fileRef = 731A33C92CD5B80F00EE6778 /* APDUFunctions.swift */; };
		7338D8902BB1E9590003D385 /* UpdateCheck.swift in Sources */ = {isa = PBXBuildFile; fileRef = 7338D88F2BB1E9590003D385 /* UpdateCheck.swift */; };
		734F914E2B95719F005C24ED /* smartcard_in_bw.png in Resources */ = {isa = PBXBuildFile; fileRef = 734F914C2B95719F005C24ED /* smartcard_in_bw.png */; };
		734F914F2B95719F005C24ED /* smartcard_out_bw.png in Resources */ = {isa = PBXBuildFile; fileRef = 734F914D2B95719F005C24ED /* smartcard_out_bw.png */; };
		735C9DFE2B941082005EBF0B /* PreferencesViewController.swift in Sources */ = {isa = PBXBuildFile; fileRef = 735C9DFD2B941082005EBF0B /* PreferencesViewController.swift */; };
		73C772712D5C33BA00D4031A /* libopenjp2.a in Frameworks */ = {isa = PBXBuildFile; fileRef = 73C7726E2D5C33BA00D4031A /* libopenjp2.a */; };
		73C772742D5C376C00D4031A /* ImageConversion.swift in Sources */ = {isa = PBXBuildFile; fileRef = 73C772732D5C345100D4031A /* ImageConversion.swift */; };
		73DE8C342D67925800458A21 /* nist80087.swift in Sources */ = {isa = PBXBuildFile; fileRef = 73DE8C332D67925800458A21 /* nist80087.swift */; };
		73EA88CB2CE0594F003CF6C2 /* no-image-found.png in Resources */ = {isa = PBXBuildFile; fileRef = 73EA88CA2CE0594F003CF6C2 /* no-image-found.png */; };
		860203522B84F2DE00E84186 /* ViewCerts.swift in Sources */ = {isa = PBXBuildFile; fileRef = 860203512B84F2DE00E84186 /* ViewCerts.swift */; };
		862CDBB62B911BD000E75D2D /* ATR.swift in Sources */ = {isa = PBXBuildFile; fileRef = 862CDBB52B911BD000E75D2D /* ATR.swift */; };
		862CDBB82B91209A00E75D2D /* WebWindow.swift in Sources */ = {isa = PBXBuildFile; fileRef = 862CDBB72B91209A00E75D2D /* WebWindow.swift */; };
		868A89122B87BB0800328DDE /* CertWindow.swift in Sources */ = {isa = PBXBuildFile; fileRef = 868A89112B87BB0800328DDE /* CertWindow.swift */; };
		86F7327B2B92CEC5007DFED7 /* PreferencesWindow.swift in Sources */ = {isa = PBXBuildFile; fileRef = 86F7327A2B92CEC5007DFED7 /* PreferencesWindow.swift */; };
		86F7327D2B92D317007DFED7 /* PrefView.swift in Sources */ = {isa = PBXBuildFile; fileRef = 86F7327C2B92D317007DFED7 /* PrefView.swift */; };
		86FF1DC42B7FA45A007F3959 /* AppDelegate.swift in Sources */ = {isa = PBXBuildFile; fileRef = 86FF1DC32B7FA45A007F3959 /* AppDelegate.swift */; };
		86FF1DC62B7FA45A007F3959 /* ViewController.swift in Sources */ = {isa = PBXBuildFile; fileRef = 86FF1DC52B7FA45A007F3959 /* ViewController.swift */; };
		86FF1DC82B7FA45B007F3959 /* Assets.xcassets in Resources */ = {isa = PBXBuildFile; fileRef = 86FF1DC72B7FA45B007F3959 /* Assets.xcassets */; };
		86FF1DCB2B7FA45B007F3959 /* Main.storyboard in Resources */ = {isa = PBXBuildFile; fileRef = 86FF1DC92B7FA45B007F3959 /* Main.storyboard */; };
		86FF1DDB2B7FCE5C007F3959 /* smartcard_in.png in Resources */ = {isa = PBXBuildFile; fileRef = 86FF1DDA2B7FCE5C007F3959 /* smartcard_in.png */; };
		86FF1DDD2B7FCE60007F3959 /* smartcard_out.png in Resources */ = {isa = PBXBuildFile; fileRef = 86FF1DDC2B7FCE60007F3959 /* smartcard_out.png */; };
/* End PBXBuildFile section */

/* Begin PBXFileReference section */
		731A33C52CD5B47400EE6778 /* MyInfoWindow.swift */ = {isa = PBXFileReference; lastKnownFileType = sourcecode.swift; path = MyInfoWindow.swift; sourceTree = "<group>"; };
		731A33C72CD5B49400EE6778 /* MyInfoViewController.swift */ = {isa = PBXFileReference; lastKnownFileType = sourcecode.swift; path = MyInfoViewController.swift; sourceTree = "<group>"; };
		731A33C92CD5B80F00EE6778 /* APDUFunctions.swift */ = {isa = PBXFileReference; lastKnownFileType = sourcecode.swift; path = APDUFunctions.swift; sourceTree = "<group>"; };
		7338D88F2BB1E9590003D385 /* UpdateCheck.swift */ = {isa = PBXFileReference; lastKnownFileType = sourcecode.swift; path = UpdateCheck.swift; sourceTree = "<group>"; };
		734F914C2B95719F005C24ED /* smartcard_in_bw.png */ = {isa = PBXFileReference; lastKnownFileType = image.png; path = smartcard_in_bw.png; sourceTree = "<group>"; };
		734F914D2B95719F005C24ED /* smartcard_out_bw.png */ = {isa = PBXFileReference; lastKnownFileType = image.png; path = smartcard_out_bw.png; sourceTree = "<group>"; };
		735C9DFD2B941082005EBF0B /* PreferencesViewController.swift */ = {isa = PBXFileReference; lastKnownFileType = sourcecode.swift; path = PreferencesViewController.swift; sourceTree = "<group>"; };
		73C7726E2D5C33BA00D4031A /* libopenjp2.a */ = {isa = PBXFileReference; lastKnownFileType = archive.ar; path = libopenjp2.a; sourceTree = "<group>"; };
		73C7726F2D5C33BA00D4031A /* openjpeg.h */ = {isa = PBXFileReference; lastKnownFileType = sourcecode.c.h; path = openjpeg.h; sourceTree = "<group>"; };
		73C772702D5C33BA00D4031A /* opj_config.h */ = {isa = PBXFileReference; lastKnownFileType = sourcecode.c.h; path = opj_config.h; sourceTree = "<group>"; };
		73C772722D5C33D300D4031A /* smartcard_menu-Bridging-Header.h */ = {isa = PBXFileReference; lastKnownFileType = sourcecode.c.h; path = "smartcard_menu-Bridging-Header.h"; sourceTree = "<group>"; };
		73C772732D5C345100D4031A /* ImageConversion.swift */ = {isa = PBXFileReference; lastKnownFileType = sourcecode.swift; path = ImageConversion.swift; sourceTree = "<group>"; };
		73DE8C332D67925800458A21 /* nist80087.swift */ = {isa = PBXFileReference; lastKnownFileType = sourcecode.swift; path = nist80087.swift; sourceTree = "<group>"; };
		73EA88CA2CE0594F003CF6C2 /* no-image-found.png */ = {isa = PBXFileReference; lastKnownFileType = image.png; path = "no-image-found.png"; sourceTree = "<group>"; };
		766E3E742CC9F68500BB0920 /* SC-Menu-Shared.xcconfig */ = {isa = PBXFileReference; lastKnownFileType = text.xcconfig; path = "SC-Menu-Shared.xcconfig"; sourceTree = "<group>"; };
		860203512B84F2DE00E84186 /* ViewCerts.swift */ = {isa = PBXFileReference; lastKnownFileType = sourcecode.swift; path = ViewCerts.swift; sourceTree = "<group>"; };
		862CDBB52B911BD000E75D2D /* ATR.swift */ = {isa = PBXFileReference; lastKnownFileType = sourcecode.swift; path = ATR.swift; sourceTree = "<group>"; };
		862CDBB72B91209A00E75D2D /* WebWindow.swift */ = {isa = PBXFileReference; lastKnownFileType = sourcecode.swift; path = WebWindow.swift; sourceTree = "<group>"; };
		868A89112B87BB0800328DDE /* CertWindow.swift */ = {isa = PBXFileReference; lastKnownFileType = sourcecode.swift; path = CertWindow.swift; sourceTree = "<group>"; };
		86F7327A2B92CEC5007DFED7 /* PreferencesWindow.swift */ = {isa = PBXFileReference; lastKnownFileType = sourcecode.swift; path = PreferencesWindow.swift; sourceTree = "<group>"; };
		86F7327C2B92D317007DFED7 /* PrefView.swift */ = {isa = PBXFileReference; lastKnownFileType = sourcecode.swift; path = PrefView.swift; sourceTree = "<group>"; };
		86FF1DC02B7FA45A007F3959 /* SC Menu.app */ = {isa = PBXFileReference; explicitFileType = wrapper.application; includeInIndex = 0; path = "SC Menu.app"; sourceTree = BUILT_PRODUCTS_DIR; };
		86FF1DC32B7FA45A007F3959 /* AppDelegate.swift */ = {isa = PBXFileReference; lastKnownFileType = sourcecode.swift; path = AppDelegate.swift; sourceTree = "<group>"; };
		86FF1DC52B7FA45A007F3959 /* ViewController.swift */ = {isa = PBXFileReference; lastKnownFileType = sourcecode.swift; path = ViewController.swift; sourceTree = "<group>"; };
		86FF1DC72B7FA45B007F3959 /* Assets.xcassets */ = {isa = PBXFileReference; lastKnownFileType = folder.assetcatalog; path = Assets.xcassets; sourceTree = "<group>"; };
		86FF1DCA2B7FA45B007F3959 /* Base */ = {isa = PBXFileReference; lastKnownFileType = file.storyboard; name = Base; path = Base.lproj/Main.storyboard; sourceTree = "<group>"; };
		86FF1DCC2B7FA45B007F3959 /* smartcard_menu.entitlements */ = {isa = PBXFileReference; lastKnownFileType = text.plist.entitlements; path = smartcard_menu.entitlements; sourceTree = "<group>"; };
		86FF1DDA2B7FCE5C007F3959 /* smartcard_in.png */ = {isa = PBXFileReference; lastKnownFileType = image.png; path = smartcard_in.png; sourceTree = "<group>"; };
		86FF1DDC2B7FCE60007F3959 /* smartcard_out.png */ = {isa = PBXFileReference; lastKnownFileType = image.png; path = smartcard_out.png; sourceTree = "<group>"; };
/* End PBXFileReference section */

/* Begin PBXFrameworksBuildPhase section */
		86FF1DBD2B7FA45A007F3959 /* Frameworks */ = {
			isa = PBXFrameworksBuildPhase;
			buildActionMask = 2147483647;
			files = (
				73C772712D5C33BA00D4031A /* libopenjp2.a in Frameworks */,
			);
			runOnlyForDeploymentPostprocessing = 0;
		};
/* End PBXFrameworksBuildPhase section */

/* Begin PBXGroup section */
		86FF1DB72B7FA45A007F3959 = {
			isa = PBXGroup;
			children = (
				86FF1DC22B7FA45A007F3959 /* smartcard_menu */,
				86FF1DC12B7FA45A007F3959 /* Products */,
				766E3E742CC9F68500BB0920 /* SC-Menu-Shared.xcconfig */,
			);
			sourceTree = "<group>";
		};
		86FF1DC12B7FA45A007F3959 /* Products */ = {
			isa = PBXGroup;
			children = (
				86FF1DC02B7FA45A007F3959 /* SC Menu.app */,
			);
			name = Products;
			sourceTree = "<group>";
		};
		86FF1DC22B7FA45A007F3959 /* smartcard_menu */ = {
			isa = PBXGroup;
			children = (
				73C7726E2D5C33BA00D4031A /* libopenjp2.a */,
				73C7726F2D5C33BA00D4031A /* openjpeg.h */,
				73C772702D5C33BA00D4031A /* opj_config.h */,
				73C772722D5C33D300D4031A /* smartcard_menu-Bridging-Header.h */,
				86FF1DC32B7FA45A007F3959 /* AppDelegate.swift */,
				73DE8C332D67925800458A21 /* nist80087.swift */,
				731A33C92CD5B80F00EE6778 /* APDUFunctions.swift */,
				86F7327C2B92D317007DFED7 /* PrefView.swift */,
				7338D88F2BB1E9590003D385 /* UpdateCheck.swift */,
				862CDBB52B911BD000E75D2D /* ATR.swift */,
				73C772732D5C345100D4031A /* ImageConversion.swift */,
				868A89112B87BB0800328DDE /* CertWindow.swift */,
				862CDBB72B91209A00E75D2D /* WebWindow.swift */,
				735C9DFD2B941082005EBF0B /* PreferencesViewController.swift */,
				86F7327A2B92CEC5007DFED7 /* PreferencesWindow.swift */,
				860203512B84F2DE00E84186 /* ViewCerts.swift */,
				86FF1DC52B7FA45A007F3959 /* ViewController.swift */,
				731A33C52CD5B47400EE6778 /* MyInfoWindow.swift */,
				731A33C72CD5B49400EE6778 /* MyInfoViewController.swift */,
				86FF1DC72B7FA45B007F3959 /* Assets.xcassets */,
				86FF1DC92B7FA45B007F3959 /* Main.storyboard */,
				73EA88CA2CE0594F003CF6C2 /* no-image-found.png */,
				86FF1DCC2B7FA45B007F3959 /* smartcard_menu.entitlements */,
				86FF1DDA2B7FCE5C007F3959 /* smartcard_in.png */,
				86FF1DDC2B7FCE60007F3959 /* smartcard_out.png */,
				734F914C2B95719F005C24ED /* smartcard_in_bw.png */,
				734F914D2B95719F005C24ED /* smartcard_out_bw.png */,
			);
			path = smartcard_menu;
			sourceTree = "<group>";
		};
/* End PBXGroup section */

/* Begin PBXNativeTarget section */
		86FF1DBF2B7FA45A007F3959 /* SC Menu */ = {
			isa = PBXNativeTarget;
			buildConfigurationList = 86FF1DCF2B7FA45B007F3959 /* Build configuration list for PBXNativeTarget "SC Menu" */;
			buildPhases = (
				86FF1DBC2B7FA45A007F3959 /* Sources */,
				86FF1DBD2B7FA45A007F3959 /* Frameworks */,
				86FF1DBE2B7FA45A007F3959 /* Resources */,
			);
			buildRules = (
			);
			dependencies = (
			);
			name = "SC Menu";
			productName = smartcard_menu;
			productReference = 86FF1DC02B7FA45A007F3959 /* SC Menu.app */;
			productType = "com.apple.product-type.application";
		};
/* End PBXNativeTarget section */

/* Begin PBXProject section */
		86FF1DB82B7FA45A007F3959 /* Project object */ = {
			isa = PBXProject;
			attributes = {
				BuildIndependentTargetsInParallel = 1;
				LastSwiftUpdateCheck = 1520;
				LastUpgradeCheck = 1530;
				TargetAttributes = {
					86FF1DBF2B7FA45A007F3959 = {
						CreatedOnToolsVersion = 15.2;
					};
				};
			};
			buildConfigurationList = 86FF1DBB2B7FA45A007F3959 /* Build configuration list for PBXProject "smartcard_menu" */;
			compatibilityVersion = "Xcode 14.0";
			developmentRegion = en;
			hasScannedForEncodings = 0;
			knownRegions = (
				en,
				Base,
			);
			mainGroup = 86FF1DB72B7FA45A007F3959;
			productRefGroup = 86FF1DC12B7FA45A007F3959 /* Products */;
			projectDirPath = "";
			projectRoot = "";
			targets = (
				86FF1DBF2B7FA45A007F3959 /* SC Menu */,
			);
		};
/* End PBXProject section */

/* Begin PBXResourcesBuildPhase section */
		86FF1DBE2B7FA45A007F3959 /* Resources */ = {
			isa = PBXResourcesBuildPhase;
			buildActionMask = 2147483647;
			files = (
				73EA88CB2CE0594F003CF6C2 /* no-image-found.png in Resources */,
				86FF1DDD2B7FCE60007F3959 /* smartcard_out.png in Resources */,
				86FF1DDB2B7FCE5C007F3959 /* smartcard_in.png in Resources */,
				734F914E2B95719F005C24ED /* smartcard_in_bw.png in Resources */,
				86FF1DC82B7FA45B007F3959 /* Assets.xcassets in Resources */,
				86FF1DCB2B7FA45B007F3959 /* Main.storyboard in Resources */,
				734F914F2B95719F005C24ED /* smartcard_out_bw.png in Resources */,
			);
			runOnlyForDeploymentPostprocessing = 0;
		};
/* End PBXResourcesBuildPhase section */

/* Begin PBXSourcesBuildPhase section */
		86FF1DBC2B7FA45A007F3959 /* Sources */ = {
			isa = PBXSourcesBuildPhase;
			buildActionMask = 2147483647;
			files = (
				86FF1DC62B7FA45A007F3959 /* ViewController.swift in Sources */,
				86FF1DC42B7FA45A007F3959 /* AppDelegate.swift in Sources */,
				860203522B84F2DE00E84186 /* ViewCerts.swift in Sources */,
				73C772742D5C376C00D4031A /* ImageConversion.swift in Sources */,
				731A33C62CD5B47400EE6778 /* MyInfoWindow.swift in Sources */,
				862CDBB62B911BD000E75D2D /* ATR.swift in Sources */,
				86F7327B2B92CEC5007DFED7 /* PreferencesWindow.swift in Sources */,
				735C9DFE2B941082005EBF0B /* PreferencesViewController.swift in Sources */,
				731A33CA2CD5B80F00EE6778 /* APDUFunctions.swift in Sources */,
				862CDBB82B91209A00E75D2D /* WebWindow.swift in Sources */,
				7338D8902BB1E9590003D385 /* UpdateCheck.swift in Sources */,
				868A89122B87BB0800328DDE /* CertWindow.swift in Sources */,
				73DE8C342D67925800458A21 /* nist80087.swift in Sources */,
				731A33C82CD5B49400EE6778 /* MyInfoViewController.swift in Sources */,
				86F7327D2B92D317007DFED7 /* PrefView.swift in Sources */,
			);
			runOnlyForDeploymentPostprocessing = 0;
		};
/* End PBXSourcesBuildPhase section */

/* Begin PBXVariantGroup section */
		86FF1DC92B7FA45B007F3959 /* Main.storyboard */ = {
			isa = PBXVariantGroup;
			children = (
				86FF1DCA2B7FA45B007F3959 /* Base */,
			);
			name = Main.storyboard;
			sourceTree = "<group>";
		};
/* End PBXVariantGroup section */

/* Begin XCBuildConfiguration section */
		86FF1DCD2B7FA45B007F3959 /* Debug */ = {
			isa = XCBuildConfiguration;
			buildSettings = {
				ALWAYS_SEARCH_USER_PATHS = NO;
				ASSETCATALOG_COMPILER_GENERATE_SWIFT_ASSET_SYMBOL_EXTENSIONS = YES;
				CLANG_ANALYZER_NONNULL = YES;
				CLANG_ANALYZER_NUMBER_OBJECT_CONVERSION = YES_AGGRESSIVE;
				CLANG_CXX_LANGUAGE_STANDARD = "gnu++20";
				CLANG_ENABLE_MODULES = YES;
				CLANG_ENABLE_OBJC_ARC = YES;
				CLANG_ENABLE_OBJC_WEAK = YES;
				CLANG_WARN_BLOCK_CAPTURE_AUTORELEASING = YES;
				CLANG_WARN_BOOL_CONVERSION = YES;
				CLANG_WARN_COMMA = YES;
				CLANG_WARN_CONSTANT_CONVERSION = YES;
				CLANG_WARN_DEPRECATED_OBJC_IMPLEMENTATIONS = YES;
				CLANG_WARN_DIRECT_OBJC_ISA_USAGE = YES_ERROR;
				CLANG_WARN_DOCUMENTATION_COMMENTS = YES;
				CLANG_WARN_EMPTY_BODY = YES;
				CLANG_WARN_ENUM_CONVERSION = YES;
				CLANG_WARN_INFINITE_RECURSION = YES;
				CLANG_WARN_INT_CONVERSION = YES;
				CLANG_WARN_NON_LITERAL_NULL_CONVERSION = YES;
				CLANG_WARN_OBJC_IMPLICIT_RETAIN_SELF = YES;
				CLANG_WARN_OBJC_LITERAL_CONVERSION = YES;
				CLANG_WARN_OBJC_ROOT_CLASS = YES_ERROR;
				CLANG_WARN_QUOTED_INCLUDE_IN_FRAMEWORK_HEADER = YES;
				CLANG_WARN_RANGE_LOOP_ANALYSIS = YES;
				CLANG_WARN_STRICT_PROTOTYPES = YES;
				CLANG_WARN_SUSPICIOUS_MOVE = YES;
				CLANG_WARN_UNGUARDED_AVAILABILITY = YES_AGGRESSIVE;
				CLANG_WARN_UNREACHABLE_CODE = YES;
				CLANG_WARN__DUPLICATE_METHOD_MATCH = YES;
				COPY_PHASE_STRIP = NO;
				DEAD_CODE_STRIPPING = YES;
				DEBUG_INFORMATION_FORMAT = dwarf;
				ENABLE_STRICT_OBJC_MSGSEND = YES;
				ENABLE_TESTABILITY = YES;
				ENABLE_USER_SCRIPT_SANDBOXING = YES;
				GCC_C_LANGUAGE_STANDARD = gnu17;
				GCC_DYNAMIC_NO_PIC = NO;
				GCC_NO_COMMON_BLOCKS = YES;
				GCC_OPTIMIZATION_LEVEL = 0;
				GCC_PREPROCESSOR_DEFINITIONS = (
					"DEBUG=1",
					"$(inherited)",
				);
				GCC_WARN_64_TO_32_BIT_CONVERSION = YES;
				GCC_WARN_ABOUT_RETURN_TYPE = YES_ERROR;
				GCC_WARN_UNDECLARED_SELECTOR = YES;
				GCC_WARN_UNINITIALIZED_AUTOS = YES_AGGRESSIVE;
				GCC_WARN_UNUSED_FUNCTION = YES;
				GCC_WARN_UNUSED_VARIABLE = YES;
				LOCALIZATION_PREFERS_STRING_CATALOGS = YES;
				MACOSX_DEPLOYMENT_TARGET = 14.0;
				MTL_ENABLE_DEBUG_INFO = INCLUDE_SOURCE;
				MTL_FAST_MATH = YES;
				ONLY_ACTIVE_ARCH = YES;
				SDKROOT = macosx;
				SWIFT_ACTIVE_COMPILATION_CONDITIONS = "DEBUG $(inherited)";
				SWIFT_OPTIMIZATION_LEVEL = "-Onone";
				SWIFT_VERSION = 5.0;
			};
			name = Debug;
		};
		86FF1DCE2B7FA45B007F3959 /* Release */ = {
			isa = XCBuildConfiguration;
			buildSettings = {
				ALWAYS_SEARCH_USER_PATHS = NO;
				ASSETCATALOG_COMPILER_GENERATE_SWIFT_ASSET_SYMBOL_EXTENSIONS = YES;
				CLANG_ANALYZER_NONNULL = YES;
				CLANG_ANALYZER_NUMBER_OBJECT_CONVERSION = YES_AGGRESSIVE;
				CLANG_CXX_LANGUAGE_STANDARD = "gnu++20";
				CLANG_ENABLE_MODULES = YES;
				CLANG_ENABLE_OBJC_ARC = YES;
				CLANG_ENABLE_OBJC_WEAK = YES;
				CLANG_WARN_BLOCK_CAPTURE_AUTORELEASING = YES;
				CLANG_WARN_BOOL_CONVERSION = YES;
				CLANG_WARN_COMMA = YES;
				CLANG_WARN_CONSTANT_CONVERSION = YES;
				CLANG_WARN_DEPRECATED_OBJC_IMPLEMENTATIONS = YES;
				CLANG_WARN_DIRECT_OBJC_ISA_USAGE = YES_ERROR;
				CLANG_WARN_DOCUMENTATION_COMMENTS = YES;
				CLANG_WARN_EMPTY_BODY = YES;
				CLANG_WARN_ENUM_CONVERSION = YES;
				CLANG_WARN_INFINITE_RECURSION = YES;
				CLANG_WARN_INT_CONVERSION = YES;
				CLANG_WARN_NON_LITERAL_NULL_CONVERSION = YES;
				CLANG_WARN_OBJC_IMPLICIT_RETAIN_SELF = YES;
				CLANG_WARN_OBJC_LITERAL_CONVERSION = YES;
				CLANG_WARN_OBJC_ROOT_CLASS = YES_ERROR;
				CLANG_WARN_QUOTED_INCLUDE_IN_FRAMEWORK_HEADER = YES;
				CLANG_WARN_RANGE_LOOP_ANALYSIS = YES;
				CLANG_WARN_STRICT_PROTOTYPES = YES;
				CLANG_WARN_SUSPICIOUS_MOVE = YES;
				CLANG_WARN_UNGUARDED_AVAILABILITY = YES_AGGRESSIVE;
				CLANG_WARN_UNREACHABLE_CODE = YES;
				CLANG_WARN__DUPLICATE_METHOD_MATCH = YES;
				COPY_PHASE_STRIP = NO;
				DEAD_CODE_STRIPPING = YES;
				DEBUG_INFORMATION_FORMAT = "dwarf-with-dsym";
				ENABLE_NS_ASSERTIONS = NO;
				ENABLE_STRICT_OBJC_MSGSEND = YES;
				ENABLE_USER_SCRIPT_SANDBOXING = YES;
				GCC_C_LANGUAGE_STANDARD = gnu17;
				GCC_NO_COMMON_BLOCKS = YES;
				GCC_WARN_64_TO_32_BIT_CONVERSION = YES;
				GCC_WARN_ABOUT_RETURN_TYPE = YES_ERROR;
				GCC_WARN_UNDECLARED_SELECTOR = YES;
				GCC_WARN_UNINITIALIZED_AUTOS = YES_AGGRESSIVE;
				GCC_WARN_UNUSED_FUNCTION = YES;
				GCC_WARN_UNUSED_VARIABLE = YES;
				LOCALIZATION_PREFERS_STRING_CATALOGS = YES;
				MACOSX_DEPLOYMENT_TARGET = 14.0;
				MTL_ENABLE_DEBUG_INFO = NO;
				MTL_FAST_MATH = YES;
				SDKROOT = macosx;
				SWIFT_COMPILATION_MODE = wholemodule;
				SWIFT_VERSION = 5.0;
			};
			name = Release;
		};
		86FF1DD02B7FA45B007F3959 /* Debug */ = {
			isa = XCBuildConfiguration;
			baseConfigurationReference = 766E3E742CC9F68500BB0920 /* SC-Menu-Shared.xcconfig */;
			buildSettings = {
				ASSETCATALOG_COMPILER_APPICON_NAME = AppIcon;
				ASSETCATALOG_COMPILER_GLOBAL_ACCENT_COLOR_NAME = AccentColor;
				ASSETCATALOG_COMPILER_INCLUDE_ALL_APPICON_ASSETS = YES;
				CODE_SIGN_ENTITLEMENTS = smartcard_menu/smartcard_menu.entitlements;
				CODE_SIGN_IDENTITY = "Apple Development";
				"CODE_SIGN_IDENTITY[sdk=macosx*]" = "Apple Development";
				CODE_SIGN_STYLE = Automatic;
				COMBINE_HIDPI_IMAGES = YES;
				CURRENT_PROJECT_VERSION = 188;
				DEAD_CODE_STRIPPING = YES;
				DEVELOPMENT_TEAM = 2WUMX954UB;
				ENABLE_HARDENED_RUNTIME = YES;
				GENERATE_INFOPLIST_FILE = YES;
				INFOPLIST_KEY_CFBundleDisplayName = "SC Menu";
				INFOPLIST_KEY_LSApplicationCategoryType = "public.app-category.utilities";
				INFOPLIST_KEY_LSUIElement = YES;
				INFOPLIST_KEY_NSHumanReadableCopyright = "";
				INFOPLIST_KEY_NSMainStoryboardFile = Main;
				INFOPLIST_KEY_NSPrincipalClass = NSApplication;
				LD_RUNPATH_SEARCH_PATHS = (
					"$(inherited)",
					"@executable_path/../Frameworks",
				);
				LIBRARY_SEARCH_PATHS = (
					"$(inherited)",
					"$(PROJECT_DIR)/smartcard_menu",
				);
				MACOSX_DEPLOYMENT_TARGET = 13.0;
				MARKETING_VERSION = 1.8.1;
				PRODUCT_BUNDLE_IDENTIFIER = "com.ttinc.sc-menu";
				PRODUCT_NAME = "$(TARGET_NAME)";
				PROVISIONING_PROFILE_SPECIFIER = "";
				SWIFT_EMIT_LOC_STRINGS = YES;
				SWIFT_OBJC_BRIDGING_HEADER = "$(SRCROOT)/smartcard_menu/smartcard_menu-Bridging-Header.h";
				SWIFT_VERSION = 5.0;
			};
			name = Debug;
		};
		86FF1DD12B7FA45B007F3959 /* Release */ = {
			isa = XCBuildConfiguration;
			baseConfigurationReference = 766E3E742CC9F68500BB0920 /* SC-Menu-Shared.xcconfig */;
			buildSettings = {
				ASSETCATALOG_COMPILER_APPICON_NAME = AppIcon;
				ASSETCATALOG_COMPILER_GLOBAL_ACCENT_COLOR_NAME = AccentColor;
				ASSETCATALOG_COMPILER_INCLUDE_ALL_APPICON_ASSETS = YES;
				CODE_SIGN_ENTITLEMENTS = smartcard_menu/smartcard_menu.entitlements;
				CODE_SIGN_IDENTITY = "Apple Development";
				"CODE_SIGN_IDENTITY[sdk=macosx*]" = "Apple Development";
				CODE_SIGN_STYLE = Automatic;
				COMBINE_HIDPI_IMAGES = YES;
				CURRENT_PROJECT_VERSION = 188;
				DEAD_CODE_STRIPPING = YES;
				DEVELOPMENT_TEAM = 2WUMX954UB;
				ENABLE_HARDENED_RUNTIME = YES;
				GENERATE_INFOPLIST_FILE = YES;
				INFOPLIST_KEY_CFBundleDisplayName = "SC Menu";
				INFOPLIST_KEY_LSApplicationCategoryType = "public.app-category.utilities";
				INFOPLIST_KEY_LSUIElement = YES;
				INFOPLIST_KEY_NSHumanReadableCopyright = "";
				INFOPLIST_KEY_NSMainStoryboardFile = Main;
				INFOPLIST_KEY_NSPrincipalClass = NSApplication;
				LD_RUNPATH_SEARCH_PATHS = (
					"$(inherited)",
					"@executable_path/../Frameworks",
				);
				LIBRARY_SEARCH_PATHS = (
					"$(inherited)",
					"$(PROJECT_DIR)/smartcard_menu",
				);
				MACOSX_DEPLOYMENT_TARGET = 13.0;
				MARKETING_VERSION = 1.8.1;
				PRODUCT_BUNDLE_IDENTIFIER = "com.ttinc.sc-menu";
				PRODUCT_NAME = "$(TARGET_NAME)";
				PROVISIONING_PROFILE_SPECIFIER = "";
				SWIFT_EMIT_LOC_STRINGS = YES;
				SWIFT_OBJC_BRIDGING_HEADER = "$(SRCROOT)/smartcard_menu/smartcard_menu-Bridging-Header.h";
				SWIFT_VERSION = 5.0;
			};
			name = Release;
		};
/* End XCBuildConfiguration section */

/* Begin XCConfigurationList section */
		86FF1DBB2B7FA45A007F3959 /* Build configuration list for PBXProject "smartcard_menu" */ = {
			isa = XCConfigurationList;
			buildConfigurations = (
				86FF1DCD2B7FA45B007F3959 /* Debug */,
				86FF1DCE2B7FA45B007F3959 /* Release */,
			);
			defaultConfigurationIsVisible = 0;
			defaultConfigurationName = Release;
		};
		86FF1DCF2B7FA45B007F3959 /* Build configuration list for PBXNativeTarget "SC Menu" */ = {
			isa = XCConfigurationList;
			buildConfigurations = (
				86FF1DD02B7FA45B007F3959 /* Debug */,
				86FF1DD12B7FA45B007F3959 /* Release */,
			);
			defaultConfigurationIsVisible = 0;
			defaultConfigurationName = Release;
		};
/* End XCConfigurationList section */
	};
	rootObject = 86FF1DB82B7FA45A007F3959 /* Project object */;
}
